
Microsoft Visual Studio Solution File, Format Version 12.00
# Visual Studio Version 16
VisualStudioVersion = 16.0.30804.86
MinimumVisualStudioVersion = 10.0.40219.1
Project("{FAE04EC0-301F-11D3-BF4B-00C04F79EFBC}") = "FsInfoCat.Desktop", "FsInfoCat.Desktop\FsInfoCat.Desktop.csproj", "{C85E9D76-5CEB-4A3F-8F5F-8E66117037B1}"
EndProject
Project("{FAE04EC0-301F-11D3-BF4B-00C04F79EFBC}") = "FsInfoCat.PS.Desktop", "FsInfoCat.PS.Desktop\FsInfoCat.PS.Desktop.csproj", "{7C4CC727-8001-4E91-BF15-A3814598C07B}"
EndProject
Global
	GlobalSection(SolutionConfigurationPlatforms) = preSolution
		Debug|Any CPU = Debug|Any CPU
		Release|Any CPU = Release|Any CPU
	EndGlobalSection
	GlobalSection(ProjectConfigurationPlatforms) = postSolution
		{C85E9D76-5CEB-4A3F-8F5F-8E66117037B1}.Debug|Any CPU.ActiveCfg = Debug|Any CPU
		{C85E9D76-5CEB-4A3F-8F5F-8E66117037B1}.Debug|Any CPU.Build.0 = Debug|Any CPU
		{C85E9D76-5CEB-4A3F-8F5F-8E66117037B1}.Release|Any CPU.ActiveCfg = Release|Any CPU
		{C85E9D76-5CEB-4A3F-8F5F-8E66117037B1}.Release|Any CPU.Build.0 = Release|Any CPU
		{7C4CC727-8001-4E91-BF15-A3814598C07B}.Debug|Any CPU.ActiveCfg = Debug|Any CPU
		{7C4CC727-8001-4E91-BF15-A3814598C07B}.Debug|Any CPU.Build.0 = Debug|Any CPU
		{7C4CC727-8001-4E91-BF15-A3814598C07B}.Release|Any CPU.ActiveCfg = Release|Any CPU
		{7C4CC727-8001-4E91-BF15-A3814598C07B}.Release|Any CPU.Build.0 = Release|Any CPU
	EndGlobalSection
	GlobalSection(SolutionProperties) = preSolution
		HideSolutionNode = FALSE
	EndGlobalSection
	GlobalSection(ExtensibilityGlobals) = postSolution
		SolutionGuid = {00E0A9B1-2328-4E0E-ACA0-56AAD00D646D}
	EndGlobalSection
EndGlobal
