
Microsoft Visual Studio Solution File, Format Version 12.00
# Visual Studio 15
VisualStudioVersion = 15.0.26124.0
MinimumVisualStudioVersion = 15.0.26124.0
Project("{FAE04EC0-301F-11D3-BF4B-00C04F79EFBC}") = "FsInfoCat.Linux", "FsInfoCat\FsInfoCat.Linux.csproj", "{CD042851-2228-4B29-AE1F-3ED1E6AC1A1E}"
EndProject
Project("{FAE04EC0-301F-11D3-BF4B-00C04F79EFBC}") = "FsInfoCat.PsLinux", "FsInfoCat.PS\FsInfoCat.PsLinux.csproj", "{42D4C464-85F8-4E80-AB2D-2AA84EABFBA3}"
EndProject
Project("{FAE04EC0-301F-11D3-BF4B-00C04F79EFBC}") = "FsInfoCat.TestLinux", "FsInfoCat.Test\FsInfoCat.TestLinux.csproj", "{09AA3097-9027-4318-84C8-9125D60CD463}"
EndProject
Global
	GlobalSection(SolutionProperties) = preSolution
		HideSolutionNode = FALSE
	EndGlobalSection
	GlobalSection(SolutionConfigurationPlatforms) = preSolution
		Debug|AnyCPU = Debug|AnyCPU
		Debug|x64 = Debug|x64
		Debug|x86 = Debug|x86
		Release|AnyCPU = Release|AnyCPU
		Release|x64 = Release|x64
		Release|x86 = Release|x86
	EndGlobalSection
	GlobalSection(ProjectConfigurationPlatforms) = postSolution
		{CD042851-2228-4B29-AE1F-3ED1E6AC1A1E}.Debug|AnyCPU.ActiveCfg = Debug|AnyCPU
		{CD042851-2228-4B29-AE1F-3ED1E6AC1A1E}.Debug|AnyCPU.Build.0 = Debug|AnyCPU
		{CD042851-2228-4B29-AE1F-3ED1E6AC1A1E}.Debug|x64.ActiveCfg = Debug|AnyCPU
		{CD042851-2228-4B29-AE1F-3ED1E6AC1A1E}.Debug|x64.Build.0 = Debug|AnyCPU
		{CD042851-2228-4B29-AE1F-3ED1E6AC1A1E}.Debug|x86.ActiveCfg = Debug|AnyCPU
		{CD042851-2228-4B29-AE1F-3ED1E6AC1A1E}.Debug|x86.Build.0 = Debug|AnyCPU
		{CD042851-2228-4B29-AE1F-3ED1E6AC1A1E}.Release|AnyCPU.ActiveCfg = Release|AnyCPU
		{CD042851-2228-4B29-AE1F-3ED1E6AC1A1E}.Release|AnyCPU.Build.0 = Release|AnyCPU
		{CD042851-2228-4B29-AE1F-3ED1E6AC1A1E}.Release|x64.ActiveCfg = Release|AnyCPU
		{CD042851-2228-4B29-AE1F-3ED1E6AC1A1E}.Release|x64.Build.0 = Release|AnyCPU
		{CD042851-2228-4B29-AE1F-3ED1E6AC1A1E}.Release|x86.ActiveCfg = Release|AnyCPU
		{CD042851-2228-4B29-AE1F-3ED1E6AC1A1E}.Release|x86.Build.0 = Release|AnyCPU
		{42D4C464-85F8-4E80-AB2D-2AA84EABFBA3}.Debug|AnyCPU.ActiveCfg = Debug|AnyCPU
		{42D4C464-85F8-4E80-AB2D-2AA84EABFBA3}.Debug|AnyCPU.Build.0 = Debug|AnyCPU
		{42D4C464-85F8-4E80-AB2D-2AA84EABFBA3}.Debug|x64.ActiveCfg = Debug|AnyCPU
		{42D4C464-85F8-4E80-AB2D-2AA84EABFBA3}.Debug|x64.Build.0 = Debug|AnyCPU
		{42D4C464-85F8-4E80-AB2D-2AA84EABFBA3}.Debug|x86.ActiveCfg = Debug|AnyCPU
		{42D4C464-85F8-4E80-AB2D-2AA84EABFBA3}.Debug|x86.Build.0 = Debug|AnyCPU
		{42D4C464-85F8-4E80-AB2D-2AA84EABFBA3}.Release|AnyCPU.ActiveCfg = Release|AnyCPU
		{42D4C464-85F8-4E80-AB2D-2AA84EABFBA3}.Release|AnyCPU.Build.0 = Release|AnyCPU
		{42D4C464-85F8-4E80-AB2D-2AA84EABFBA3}.Release|x64.ActiveCfg = Release|AnyCPU
		{42D4C464-85F8-4E80-AB2D-2AA84EABFBA3}.Release|x64.Build.0 = Release|AnyCPU
		{42D4C464-85F8-4E80-AB2D-2AA84EABFBA3}.Release|x86.ActiveCfg = Release|AnyCPU
		{42D4C464-85F8-4E80-AB2D-2AA84EABFBA3}.Release|x86.Build.0 = Release|AnyCPU
		{09AA3097-9027-4318-84C8-9125D60CD463}.Debug|AnyCPU.ActiveCfg = Debug|AnyCPU
		{09AA3097-9027-4318-84C8-9125D60CD463}.Debug|AnyCPU.Build.0 = Debug|AnyCPU
		{09AA3097-9027-4318-84C8-9125D60CD463}.Debug|x64.ActiveCfg = Debug|AnyCPU
		{09AA3097-9027-4318-84C8-9125D60CD463}.Debug|x64.Build.0 = Debug|AnyCPU
		{09AA3097-9027-4318-84C8-9125D60CD463}.Debug|x86.ActiveCfg = Debug|AnyCPU
		{09AA3097-9027-4318-84C8-9125D60CD463}.Debug|x86.Build.0 = Debug|AnyCPU
		{09AA3097-9027-4318-84C8-9125D60CD463}.Release|AnyCPU.ActiveCfg = Release|AnyCPU
		{09AA3097-9027-4318-84C8-9125D60CD463}.Release|AnyCPU.Build.0 = Release|AnyCPU
		{09AA3097-9027-4318-84C8-9125D60CD463}.Release|x64.ActiveCfg = Release|AnyCPU
		{09AA3097-9027-4318-84C8-9125D60CD463}.Release|x64.Build.0 = Release|AnyCPU
		{09AA3097-9027-4318-84C8-9125D60CD463}.Release|x86.ActiveCfg = Release|AnyCPU
		{09AA3097-9027-4318-84C8-9125D60CD463}.Release|x86.Build.0 = Release|AnyCPU
	EndGlobalSection
EndGlobal
