
Microsoft Visual Studio Solution File, Format Version 12.00
# Visual Studio 15
VisualStudioVersion = 15.0.26124.0
MinimumVisualStudioVersion = 15.0.26124.0
Project("{9A19103F-16F7-4668-BE54-9A1E7A4F7556}") = "FsInfoCat", "FsInfoCat\FsInfoCat.csproj", "{F624D84F-6E2D-4656-BD1B-060586988EBC}"
EndProject
Project("{9A19103F-16F7-4668-BE54-9A1E7A4F7556}") = "FsInfoCat.Web", "FsInfoCat.Web\FsInfoCat.Web.csproj", "{91ACE27D-24B5-4D3A-9F69-F4258C21877A}"
EndProject
Project("{9A19103F-16F7-4668-BE54-9A1E7A4F7556}") = "FsInfoCat.PS", "FsInfoCat.PS\FsInfoCat.PS.csproj", "{D6A47138-19EF-4860-9C80-64C78EAFDEEE}"
EndProject
Project("{9A19103F-16F7-4668-BE54-9A1E7A4F7556}") = "FsInfoCat.Test", "FsInfoCat.Test\FsInfoCat.Test.csproj", "{ED1D2FD5-EC51-45CE-8C58-7B7AD724F9F8}"
EndProject
Global
	GlobalSection(SolutionProperties) = preSolution
		HideSolutionNode = FALSE
	EndGlobalSection
	GlobalSection(SolutionConfigurationPlatforms) = preSolution
		NetCoreDebug|AnyCPU = NetCoreDebug|AnyCPU
		NetCoreDebug|x64 = NetCoreDebug|x64
		NetCoreDebug|x86 = NetCoreDebug|x86
		NetCoreRelease|AnyCPU = NetCoreRelease|AnyCPU
		NetCoreRelease|x64 = NetCoreRelease|x64
		NetCoreRelease|x86 = NetCoreRelease|x86
	EndGlobalSection
	GlobalSection(ProjectConfigurationPlatforms) = postSolution
		{F624D84F-6E2D-4656-BD1B-060586988EBC}.NetCoreDebug|AnyCPU.ActiveCfg = NetCoreDebug|AnyCPU
		{F624D84F-6E2D-4656-BD1B-060586988EBC}.NetCoreDebug|AnyCPU.Build.0 = NetCoreDebug|AnyCPU
		{F624D84F-6E2D-4656-BD1B-060586988EBC}.NetCoreDebug|x64.ActiveCfg = NetCoreDebug|AnyCPU
		{F624D84F-6E2D-4656-BD1B-060586988EBC}.NetCoreDebug|x64.Build.0 = NetCoreDebug|AnyCPU
		{F624D84F-6E2D-4656-BD1B-060586988EBC}.NetCoreDebug|x86.ActiveCfg = NetCoreDebug|AnyCPU
		{F624D84F-6E2D-4656-BD1B-060586988EBC}.NetCoreDebug|x86.Build.0 = NetCoreDebug|AnyCPU
		{F624D84F-6E2D-4656-BD1B-060586988EBC}.NetCoreRelease|AnyCPU.ActiveCfg = NetCoreRelease|AnyCPU
		{F624D84F-6E2D-4656-BD1B-060586988EBC}.NetCoreRelease|AnyCPU.Build.0 = NetCoreRelease|AnyCPU
		{F624D84F-6E2D-4656-BD1B-060586988EBC}.NetCoreRelease|x64.ActiveCfg = NetCoreRelease|AnyCPU
		{F624D84F-6E2D-4656-BD1B-060586988EBC}.NetCoreRelease|x64.Build.0 = NetCoreRelease|AnyCPU
		{F624D84F-6E2D-4656-BD1B-060586988EBC}.NetCoreRelease|x86.ActiveCfg = NetCoreRelease|AnyCPU
		{F624D84F-6E2D-4656-BD1B-060586988EBC}.NetCoreRelease|x86.Build.0 = NetCoreRelease|AnyCPU
		{91ACE27D-24B5-4D3A-9F69-F4258C21877A}.NetCoreDebug|AnyCPU.ActiveCfg = NetCoreDebug|AnyCPU
		{91ACE27D-24B5-4D3A-9F69-F4258C21877A}.NetCoreDebug|AnyCPU.Build.0 = NetCoreDebug|AnyCPU
		{91ACE27D-24B5-4D3A-9F69-F4258C21877A}.NetCoreDebug|x64.ActiveCfg = NetCoreDebug|AnyCPU
		{91ACE27D-24B5-4D3A-9F69-F4258C21877A}.NetCoreDebug|x64.Build.0 = NetCoreDebug|AnyCPU
		{91ACE27D-24B5-4D3A-9F69-F4258C21877A}.NetCoreDebug|x86.ActiveCfg = NetCoreDebug|AnyCPU
		{91ACE27D-24B5-4D3A-9F69-F4258C21877A}.NetCoreDebug|x86.Build.0 = NetCoreDebug|AnyCPU
		{91ACE27D-24B5-4D3A-9F69-F4258C21877A}.NetCoreRelease|AnyCPU.ActiveCfg = NetCoreRelease|AnyCPU
		{91ACE27D-24B5-4D3A-9F69-F4258C21877A}.NetCoreRelease|AnyCPU.Build.0 = NetCoreRelease|AnyCPU
		{91ACE27D-24B5-4D3A-9F69-F4258C21877A}.NetCoreRelease|x64.ActiveCfg = NetCoreRelease|AnyCPU
		{91ACE27D-24B5-4D3A-9F69-F4258C21877A}.NetCoreRelease|x64.Build.0 = NetCoreRelease|AnyCPU
		{91ACE27D-24B5-4D3A-9F69-F4258C21877A}.NetCoreRelease|x86.ActiveCfg = NetCoreRelease|AnyCPU
		{91ACE27D-24B5-4D3A-9F69-F4258C21877A}.NetCoreRelease|x86.Build.0 = NetCoreRelease|AnyCPU
		{D6A47138-19EF-4860-9C80-64C78EAFDEEE}.NetCoreDebug|AnyCPU.ActiveCfg = NetCoreDebug|AnyCPU
		{D6A47138-19EF-4860-9C80-64C78EAFDEEE}.NetCoreDebug|AnyCPU.Build.0 = NetCoreDebug|AnyCPU
		{D6A47138-19EF-4860-9C80-64C78EAFDEEE}.NetCoreDebug|x64.ActiveCfg = NetCoreDebug|AnyCPU
		{D6A47138-19EF-4860-9C80-64C78EAFDEEE}.NetCoreDebug|x64.Build.0 = NetCoreDebug|AnyCPU
		{D6A47138-19EF-4860-9C80-64C78EAFDEEE}.NetCoreDebug|x86.ActiveCfg = NetCoreDebug|AnyCPU
		{D6A47138-19EF-4860-9C80-64C78EAFDEEE}.NetCoreDebug|x86.Build.0 = NetCoreDebug|AnyCPU
		{D6A47138-19EF-4860-9C80-64C78EAFDEEE}.NetCoreRelease|AnyCPU.ActiveCfg = NetCoreRelease|AnyCPU
		{D6A47138-19EF-4860-9C80-64C78EAFDEEE}.NetCoreRelease|AnyCPU.Build.0 = NetCoreRelease|AnyCPU
		{D6A47138-19EF-4860-9C80-64C78EAFDEEE}.NetCoreRelease|x64.ActiveCfg = NetCoreRelease|AnyCPU
		{D6A47138-19EF-4860-9C80-64C78EAFDEEE}.NetCoreRelease|x64.Build.0 = NetCoreRelease|AnyCPU
		{D6A47138-19EF-4860-9C80-64C78EAFDEEE}.NetCoreRelease|x86.ActiveCfg = NetCoreRelease|AnyCPU
		{D6A47138-19EF-4860-9C80-64C78EAFDEEE}.NetCoreRelease|x86.Build.0 = NetCoreRelease|AnyCPU
		{ED1D2FD5-EC51-45CE-8C58-7B7AD724F9F8}.NetCoreDebug|AnyCPU.ActiveCfg = NetCoreDebug|AnyCPU
		{ED1D2FD5-EC51-45CE-8C58-7B7AD724F9F8}.NetCoreDebug|AnyCPU.Build.0 = NetCoreDebug|AnyCPU
		{ED1D2FD5-EC51-45CE-8C58-7B7AD724F9F8}.NetCoreDebug|x64.ActiveCfg = NetCoreDebug|AnyCPU
		{ED1D2FD5-EC51-45CE-8C58-7B7AD724F9F8}.NetCoreDebug|x64.Build.0 = NetCoreDebug|AnyCPU
		{ED1D2FD5-EC51-45CE-8C58-7B7AD724F9F8}.NetCoreDebug|x86.ActiveCfg = NetCoreDebug|AnyCPU
		{ED1D2FD5-EC51-45CE-8C58-7B7AD724F9F8}.NetCoreDebug|x86.Build.0 = NetCoreDebug|AnyCPU
		{ED1D2FD5-EC51-45CE-8C58-7B7AD724F9F8}.NetCoreRelease|AnyCPU.ActiveCfg = NetCoreRelease|AnyCPU
		{ED1D2FD5-EC51-45CE-8C58-7B7AD724F9F8}.NetCoreRelease|AnyCPU.Build.0 = NetCoreRelease|AnyCPU
		{ED1D2FD5-EC51-45CE-8C58-7B7AD724F9F8}.NetCoreRelease|x64.ActiveCfg = NetCoreRelease|AnyCPU
		{ED1D2FD5-EC51-45CE-8C58-7B7AD724F9F8}.NetCoreRelease|x64.Build.0 = NetCoreRelease|AnyCPU
		{ED1D2FD5-EC51-45CE-8C58-7B7AD724F9F8}.NetCoreRelease|x86.ActiveCfg = NetCoreRelease|AnyCPU
		{ED1D2FD5-EC51-45CE-8C58-7B7AD724F9F8}.NetCoreRelease|x86.Build.0 = NetCoreRelease|AnyCPU
	EndGlobalSection
EndGlobal
