
Microsoft Visual Studio Solution File, Format Version 12.00
# Visual Studio Version 16
VisualStudioVersion = 16.0.31129.286
MinimumVisualStudioVersion = 15.0.26124.0
Project("{FAE04EC0-301F-11D3-BF4B-00C04F79EFBC}") = "FsInfoCat.Desktop", "FsInfoCat.Desktop\FsInfoCat.Desktop.csproj", "{AA1B5BAA-DA72-430D-A8E9-FD7546413915}"
EndProject
Project("{2150E333-8FDC-42A3-9474-1A3956D46DE8}") = "Solution Items", "Solution Items", "{8BB66A53-65FA-4C08-A43E-877C7088BA26}"
	ProjectSection(SolutionItems) = preProject
		..\Resources\Reference\CategorizedSources.xslt = ..\Resources\Reference\CategorizedSources.xslt
		..\Resources\Reference\References.xml = ..\Resources\Reference\References.xml
		..\Resources\Reference\References.xsd = ..\Resources\Reference\References.xsd
		..\Resources\Reference\ToCommentDoc.xslt = ..\Resources\Reference\ToCommentDoc.xslt
		..\Resources\Reference\ToHtml.xslt = ..\Resources\Reference\ToHtml.xslt
		..\Resources\Reference\ToMarkdown.xslt = ..\Resources\Reference\ToMarkdown.xslt
	EndProjectSection
EndProject
Project("{9A19103F-16F7-4668-BE54-9A1E7A4F7556}") = "FsInfoCat.Test", "FsInfoCat.Test\FsInfoCat.Test.csproj", "{8C28310B-90DA-43F5-990F-CC1E0C6E853D}"
EndProject
Project("{FAE04EC0-301F-11D3-BF4B-00C04F79EFBC}") = "FsInfoCat", "FsInfoCat\FsInfoCat.csproj", "{11023185-E105-44B2-8B49-ACAB053515DA}"
EndProject
Global
	GlobalSection(SolutionConfigurationPlatforms) = preSolution
		Debug|AnyCPU = Debug|AnyCPU
		Debug|x64 = Debug|x64
		Debug|x86 = Debug|x86
		Release|AnyCPU = Release|AnyCPU
		Release|x64 = Release|x64
		Release|x86 = Release|x86
	EndGlobalSection
	GlobalSection(ProjectConfigurationPlatforms) = postSolution
		{AA1B5BAA-DA72-430D-A8E9-FD7546413915}.Debug|AnyCPU.ActiveCfg = Debug|Any CPU
		{AA1B5BAA-DA72-430D-A8E9-FD7546413915}.Debug|AnyCPU.Build.0 = Debug|Any CPU
		{AA1B5BAA-DA72-430D-A8E9-FD7546413915}.Debug|x64.ActiveCfg = Debug|Any CPU
		{AA1B5BAA-DA72-430D-A8E9-FD7546413915}.Debug|x64.Build.0 = Debug|Any CPU
		{AA1B5BAA-DA72-430D-A8E9-FD7546413915}.Debug|x86.ActiveCfg = Debug|Any CPU
		{AA1B5BAA-DA72-430D-A8E9-FD7546413915}.Debug|x86.Build.0 = Debug|Any CPU
		{AA1B5BAA-DA72-430D-A8E9-FD7546413915}.Release|AnyCPU.ActiveCfg = Release|Any CPU
		{AA1B5BAA-DA72-430D-A8E9-FD7546413915}.Release|AnyCPU.Build.0 = Release|Any CPU
		{AA1B5BAA-DA72-430D-A8E9-FD7546413915}.Release|x64.ActiveCfg = Release|Any CPU
		{AA1B5BAA-DA72-430D-A8E9-FD7546413915}.Release|x64.Build.0 = Release|Any CPU
		{AA1B5BAA-DA72-430D-A8E9-FD7546413915}.Release|x86.ActiveCfg = Release|Any CPU
		{AA1B5BAA-DA72-430D-A8E9-FD7546413915}.Release|x86.Build.0 = Release|Any CPU
		{8C28310B-90DA-43F5-990F-CC1E0C6E853D}.Debug|AnyCPU.ActiveCfg = Debug|Any CPU
		{8C28310B-90DA-43F5-990F-CC1E0C6E853D}.Debug|AnyCPU.Build.0 = Debug|Any CPU
		{8C28310B-90DA-43F5-990F-CC1E0C6E853D}.Debug|x64.ActiveCfg = Debug|Any CPU
		{8C28310B-90DA-43F5-990F-CC1E0C6E853D}.Debug|x64.Build.0 = Debug|Any CPU
		{8C28310B-90DA-43F5-990F-CC1E0C6E853D}.Debug|x86.ActiveCfg = Debug|Any CPU
		{8C28310B-90DA-43F5-990F-CC1E0C6E853D}.Debug|x86.Build.0 = Debug|Any CPU
		{8C28310B-90DA-43F5-990F-CC1E0C6E853D}.Release|AnyCPU.ActiveCfg = Release|Any CPU
		{8C28310B-90DA-43F5-990F-CC1E0C6E853D}.Release|AnyCPU.Build.0 = Release|Any CPU
		{8C28310B-90DA-43F5-990F-CC1E0C6E853D}.Release|x64.ActiveCfg = Release|Any CPU
		{8C28310B-90DA-43F5-990F-CC1E0C6E853D}.Release|x64.Build.0 = Release|Any CPU
		{8C28310B-90DA-43F5-990F-CC1E0C6E853D}.Release|x86.ActiveCfg = Release|Any CPU
		{8C28310B-90DA-43F5-990F-CC1E0C6E853D}.Release|x86.Build.0 = Release|Any CPU
		{11023185-E105-44B2-8B49-ACAB053515DA}.Debug|AnyCPU.ActiveCfg = Debug|Any CPU
		{11023185-E105-44B2-8B49-ACAB053515DA}.Debug|AnyCPU.Build.0 = Debug|Any CPU
		{11023185-E105-44B2-8B49-ACAB053515DA}.Debug|x64.ActiveCfg = Debug|Any CPU
		{11023185-E105-44B2-8B49-ACAB053515DA}.Debug|x64.Build.0 = Debug|Any CPU
		{11023185-E105-44B2-8B49-ACAB053515DA}.Debug|x86.ActiveCfg = Debug|Any CPU
		{11023185-E105-44B2-8B49-ACAB053515DA}.Debug|x86.Build.0 = Debug|Any CPU
		{11023185-E105-44B2-8B49-ACAB053515DA}.Release|AnyCPU.ActiveCfg = Release|Any CPU
		{11023185-E105-44B2-8B49-ACAB053515DA}.Release|AnyCPU.Build.0 = Release|Any CPU
		{11023185-E105-44B2-8B49-ACAB053515DA}.Release|x64.ActiveCfg = Release|Any CPU
		{11023185-E105-44B2-8B49-ACAB053515DA}.Release|x64.Build.0 = Release|Any CPU
		{11023185-E105-44B2-8B49-ACAB053515DA}.Release|x86.ActiveCfg = Release|Any CPU
		{11023185-E105-44B2-8B49-ACAB053515DA}.Release|x86.Build.0 = Release|Any CPU
	EndGlobalSection
	GlobalSection(SolutionProperties) = preSolution
		HideSolutionNode = FALSE
	EndGlobalSection
	GlobalSection(ExtensibilityGlobals) = postSolution
		SolutionGuid = {82A1A37D-B1F4-4D5D-ACBD-738EBD561C60}
	EndGlobalSection
EndGlobal
