
Microsoft Visual Studio Solution File, Format Version 12.00
# Visual Studio 15
VisualStudioVersion = 15.0.26124.0
MinimumVisualStudioVersion = 15.0.26124.0
Project("{FAE04EC0-301F-11D3-BF4B-00C04F79EFBC}") = "FsInfoCat.NetFramework", "FsInfoCat\FsInfoCat.NetFramework.csproj", "{F624D84F-6E2D-4656-BD1B-060586988EBC}"
EndProject
Project("{FAE04EC0-301F-11D3-BF4B-00C04F79EFBC}") = "FsInfoCat.PS.NetFramework", "FsInfoCat.PS\FsInfoCat.PS.NetFramework.csproj", "{D6A47138-19EF-4860-9C80-64C78EAFDEEE}"
EndProject
Global
	GlobalSection(SolutionProperties) = preSolution
		HideSolutionNode = FALSE
	EndGlobalSection
	GlobalSection(SolutionConfigurationPlatforms) = preSolution
		NetFrameworkDebug|Any CPU = NetFrameworkDebug|Any CPU
		NetFrameworkDebug|x64 = NetFrameworkDebug|x64
		NetFrameworkDebug|x86 = NetFrameworkDebug|x86
		NetFrameworkRelease|Any CPU = NetFrameworkRelease|Any CPU
		NetFrameworkRelease|x64 = NetFrameworkRelease|x64
		NetFrameworkRelease|x86 = NetFrameworkRelease|x86
	EndGlobalSection
	GlobalSection(ProjectConfigurationPlatforms) = postSolution
		{F624D84F-6E2D-4656-BD1B-060586988EBC}.NetFrameworkDebug|Any CPU.ActiveCfg = NetFrameworkDebug|Any CPU
		{F624D84F-6E2D-4656-BD1B-060586988EBC}.NetFrameworkDebug|Any CPU.Build.0 = NetFrameworkDebug|Any CPU
		{F624D84F-6E2D-4656-BD1B-060586988EBC}.NetFrameworkDebug|x64.ActiveCfg = NetFrameworkDebug|Any CPU
		{F624D84F-6E2D-4656-BD1B-060586988EBC}.NetFrameworkDebug|x64.Build.0 = NetFrameworkDebug|Any CPU
		{F624D84F-6E2D-4656-BD1B-060586988EBC}.NetFrameworkDebug|x86.ActiveCfg = NetFrameworkDebug|Any CPU
		{F624D84F-6E2D-4656-BD1B-060586988EBC}.NetFrameworkDebug|x86.Build.0 = NetFrameworkDebug|Any CPU
		{F624D84F-6E2D-4656-BD1B-060586988EBC}.NetFrameworkRelease|Any CPU.ActiveCfg = NetFrameworkDebug|Any CPU
		{F624D84F-6E2D-4656-BD1B-060586988EBC}.NetFrameworkRelease|Any CPU.Build.0 = NetFrameworkDebug|Any CPU
		{F624D84F-6E2D-4656-BD1B-060586988EBC}.NetFrameworkRelease|x64.ActiveCfg = NetFrameworkDebug|Any CPU
		{F624D84F-6E2D-4656-BD1B-060586988EBC}.NetFrameworkRelease|x64.Build.0 = NetFrameworkDebug|Any CPU
		{F624D84F-6E2D-4656-BD1B-060586988EBC}.NetFrameworkRelease|x86.ActiveCfg = NetFrameworkDebug|Any CPU
		{F624D84F-6E2D-4656-BD1B-060586988EBC}.NetFrameworkRelease|x86.Build.0 = NetFrameworkDebug|Any CPU
		{D6A47138-19EF-4860-9C80-64C78EAFDEEE}.NetFrameworkDebug|Any CPU.ActiveCfg = NetFrameworkDebug|Any CPU
		{D6A47138-19EF-4860-9C80-64C78EAFDEEE}.NetFrameworkDebug|Any CPU.Build.0 = NetFrameworkDebug|Any CPU
		{D6A47138-19EF-4860-9C80-64C78EAFDEEE}.NetFrameworkDebug|x64.ActiveCfg = NetFrameworkDebug|Any CPU
		{D6A47138-19EF-4860-9C80-64C78EAFDEEE}.NetFrameworkDebug|x64.Build.0 = NetFrameworkDebug|Any CPU
		{D6A47138-19EF-4860-9C80-64C78EAFDEEE}.NetFrameworkDebug|x86.ActiveCfg = NetFrameworkDebug|Any CPU
		{D6A47138-19EF-4860-9C80-64C78EAFDEEE}.NetFrameworkDebug|x86.Build.0 = NetFrameworkDebug|Any CPU
		{D6A47138-19EF-4860-9C80-64C78EAFDEEE}.NetFrameworkRelease|Any CPU.ActiveCfg = NetFrameworkDebug|Any CPU
		{D6A47138-19EF-4860-9C80-64C78EAFDEEE}.NetFrameworkRelease|Any CPU.Build.0 = NetFrameworkDebug|Any CPU
		{D6A47138-19EF-4860-9C80-64C78EAFDEEE}.NetFrameworkRelease|x64.ActiveCfg = NetFrameworkDebug|Any CPU
		{D6A47138-19EF-4860-9C80-64C78EAFDEEE}.NetFrameworkRelease|x64.Build.0 = NetFrameworkDebug|Any CPU
		{D6A47138-19EF-4860-9C80-64C78EAFDEEE}.NetFrameworkRelease|x86.ActiveCfg = NetFrameworkDebug|Any CPU
		{D6A47138-19EF-4860-9C80-64C78EAFDEEE}.NetFrameworkRelease|x86.Build.0 = NetFrameworkDebug|Any CPU
	EndGlobalSection
EndGlobal
