
Microsoft Visual Studio Solution File, Format Version 12.00
# Visual Studio Version 16
VisualStudioVersion = 16.0.31313.79
MinimumVisualStudioVersion = 10.0.40219.1
Project("{9A19103F-16F7-4668-BE54-9A1E7A4F7556}") = "FsInfoCat", "FsInfoCat\FsInfoCat.csproj", "{1E6B3EC3-22F0-4690-A5C2-25EB4B0997C4}"
EndProject
Project("{9A19103F-16F7-4668-BE54-9A1E7A4F7556}") = "FsInfoCat.Desktop", "FsInfoCat.Desktop\FsInfoCat.Desktop.csproj", "{AC00FFE1-587F-4070-94A4-12308F54C3B1}"
EndProject
Project("{9A19103F-16F7-4668-BE54-9A1E7A4F7556}") = "FsInfoCat.Local", "FsInfoCat.Local\FsInfoCat.Local.csproj", "{1907AF2A-B949-4741-9384-97CF3B681A43}"
EndProject
Project("{9A19103F-16F7-4668-BE54-9A1E7A4F7556}") = "FsInfoCat.Upstream", "FsInfoCat.Upstream\FsInfoCat.Upstream.csproj", "{00365BEB-8036-4431-97DE-05069964F5F3}"
EndProject
Project("{9A19103F-16F7-4668-BE54-9A1E7A4F7556}") = "FsInfoCat.UnitTests", "FsInfoCat.UnitTests\FsInfoCat.UnitTests.csproj", "{C4D22FAB-2F3D-43B1-A3BB-8A4775A5838C}"
EndProject
Project("{2150E333-8FDC-42A3-9474-1A3956D46DE8}") = "Solution Items", "Solution Items", "{21DE209E-F2AD-48EC-A6BB-7C66EF73762F}"
EndProject
Project("{2150E333-8FDC-42A3-9474-1A3956D46DE8}") = "Resources", "Resources", "{0F4404B3-2A29-4956-8AC6-C36AD8D40B33}"
EndProject
Project("{2150E333-8FDC-42A3-9474-1A3956D46DE8}") = "Reference", "Reference", "{C24C3CB7-C5C3-46CA-999B-CEFE0DF7E2C8}"
	ProjectSection(SolutionItems) = preProject
		..\Resources\Reference\CategorizedSources.xml = ..\Resources\Reference\CategorizedSources.xml
		..\Resources\Reference\CategorizedSources.xslt = ..\Resources\Reference\CategorizedSources.xslt
		..\Resources\Reference\CommentDoc.xml = ..\Resources\Reference\CommentDoc.xml
		..\Resources\Reference\GDI+.pdf = ..\Resources\Reference\GDI+.pdf
		..\Resources\Reference\Markdown.md = ..\Resources\Reference\Markdown.md
		..\Resources\Reference\References.html = ..\Resources\Reference\References.html
		..\Resources\Reference\References.xml = ..\Resources\Reference\References.xml
		..\Resources\Reference\References.xsd = ..\Resources\Reference\References.xsd
		..\Resources\Reference\References.xslt = ..\Resources\Reference\References.xslt
		..\Resources\Reference\Sources.xml = ..\Resources\Reference\Sources.xml
		..\Resources\Reference\ToCommentDoc.xslt = ..\Resources\Reference\ToCommentDoc.xslt
		..\Resources\Reference\ToHtml.xslt = ..\Resources\Reference\ToHtml.xslt
		..\Resources\Reference\ToMarkdown.xslt = ..\Resources\Reference\ToMarkdown.xslt
	EndProjectSection
EndProject
Project("{2150E333-8FDC-42A3-9474-1A3956D46DE8}") = "SQLite", "SQLite", "{E4FEA3BF-50D9-4B1B-B702-F7A21468834E}"
	ProjectSection(SolutionItems) = preProject
		SQLite\LocalTest.sqbpro = SQLite\LocalTest.sqbpro
	EndProjectSection
EndProject
Project("{9A19103F-16F7-4668-BE54-9A1E7A4F7556}") = "FsInfoCat.PS", "FsInfoCat.PS\FsInfoCat.PS.csproj", "{1FAF9E79-E791-44AC-8EEC-DC5A0D9A8BAF}"
EndProject
Global
	GlobalSection(SolutionConfigurationPlatforms) = preSolution
		Debug|Any CPU = Debug|Any CPU
		Release|Any CPU = Release|Any CPU
	EndGlobalSection
	GlobalSection(ProjectConfigurationPlatforms) = postSolution
		{1E6B3EC3-22F0-4690-A5C2-25EB4B0997C4}.Debug|Any CPU.ActiveCfg = Debug|Any CPU
		{1E6B3EC3-22F0-4690-A5C2-25EB4B0997C4}.Debug|Any CPU.Build.0 = Debug|Any CPU
		{1E6B3EC3-22F0-4690-A5C2-25EB4B0997C4}.Release|Any CPU.ActiveCfg = Release|Any CPU
		{1E6B3EC3-22F0-4690-A5C2-25EB4B0997C4}.Release|Any CPU.Build.0 = Release|Any CPU
		{AC00FFE1-587F-4070-94A4-12308F54C3B1}.Debug|Any CPU.ActiveCfg = Debug|Any CPU
		{AC00FFE1-587F-4070-94A4-12308F54C3B1}.Debug|Any CPU.Build.0 = Debug|Any CPU
		{AC00FFE1-587F-4070-94A4-12308F54C3B1}.Release|Any CPU.ActiveCfg = Release|Any CPU
		{AC00FFE1-587F-4070-94A4-12308F54C3B1}.Release|Any CPU.Build.0 = Release|Any CPU
		{1907AF2A-B949-4741-9384-97CF3B681A43}.Debug|Any CPU.ActiveCfg = Debug|Any CPU
		{1907AF2A-B949-4741-9384-97CF3B681A43}.Debug|Any CPU.Build.0 = Debug|Any CPU
		{1907AF2A-B949-4741-9384-97CF3B681A43}.Release|Any CPU.ActiveCfg = Release|Any CPU
		{1907AF2A-B949-4741-9384-97CF3B681A43}.Release|Any CPU.Build.0 = Release|Any CPU
		{00365BEB-8036-4431-97DE-05069964F5F3}.Debug|Any CPU.ActiveCfg = Debug|Any CPU
		{00365BEB-8036-4431-97DE-05069964F5F3}.Debug|Any CPU.Build.0 = Debug|Any CPU
		{00365BEB-8036-4431-97DE-05069964F5F3}.Release|Any CPU.ActiveCfg = Release|Any CPU
		{00365BEB-8036-4431-97DE-05069964F5F3}.Release|Any CPU.Build.0 = Release|Any CPU
		{C4D22FAB-2F3D-43B1-A3BB-8A4775A5838C}.Debug|Any CPU.ActiveCfg = Debug|Any CPU
		{C4D22FAB-2F3D-43B1-A3BB-8A4775A5838C}.Debug|Any CPU.Build.0 = Debug|Any CPU
		{C4D22FAB-2F3D-43B1-A3BB-8A4775A5838C}.Release|Any CPU.ActiveCfg = Release|Any CPU
		{C4D22FAB-2F3D-43B1-A3BB-8A4775A5838C}.Release|Any CPU.Build.0 = Release|Any CPU
		{1FAF9E79-E791-44AC-8EEC-DC5A0D9A8BAF}.Debug|Any CPU.ActiveCfg = Debug|Any CPU
		{1FAF9E79-E791-44AC-8EEC-DC5A0D9A8BAF}.Debug|Any CPU.Build.0 = Debug|Any CPU
		{1FAF9E79-E791-44AC-8EEC-DC5A0D9A8BAF}.Release|Any CPU.ActiveCfg = Release|Any CPU
		{1FAF9E79-E791-44AC-8EEC-DC5A0D9A8BAF}.Release|Any CPU.Build.0 = Release|Any CPU
	EndGlobalSection
	GlobalSection(SolutionProperties) = preSolution
		HideSolutionNode = FALSE
	EndGlobalSection
	GlobalSection(NestedProjects) = preSolution
		{0F4404B3-2A29-4956-8AC6-C36AD8D40B33} = {21DE209E-F2AD-48EC-A6BB-7C66EF73762F}
		{C24C3CB7-C5C3-46CA-999B-CEFE0DF7E2C8} = {0F4404B3-2A29-4956-8AC6-C36AD8D40B33}
		{E4FEA3BF-50D9-4B1B-B702-F7A21468834E} = {21DE209E-F2AD-48EC-A6BB-7C66EF73762F}
	EndGlobalSection
	GlobalSection(ExtensibilityGlobals) = postSolution
		SolutionGuid = {A32FEC3A-2731-4537-A4BB-A42B8A348734}
	EndGlobalSection
EndGlobal
